
Microsoft Visual Studio Solution File, Format Version 11.00
# Visual C# Express 2010
Project("{FAE04EC0-301F-11D3-BF4B-00C04F79EFBC}") = "DraftOrderRandomizer", "DraftOrderRandomizer\DraftOrderRandomizer.csproj", "{C0DC86DD-B7F8-43F4-BA56-C1E32EE12487}"
EndProject
Global
	GlobalSection(SolutionConfigurationPlatforms) = preSolution
		Debug|Any CPU = Debug|Any CPU
		Release|Any CPU = Release|Any CPU
	EndGlobalSection
	GlobalSection(ProjectConfigurationPlatforms) = postSolution
		{C0DC86DD-B7F8-43F4-BA56-C1E32EE12487}.Debug|Any CPU.ActiveCfg = Debug|Any CPU
		{C0DC86DD-B7F8-43F4-BA56-C1E32EE12487}.Debug|Any CPU.Build.0 = Debug|Any CPU
		{C0DC86DD-B7F8-43F4-BA56-C1E32EE12487}.Release|Any CPU.ActiveCfg = Release|Any CPU
		{C0DC86DD-B7F8-43F4-BA56-C1E32EE12487}.Release|Any CPU.Build.0 = Release|Any CPU
	EndGlobalSection
	GlobalSection(SolutionProperties) = preSolution
		HideSolutionNode = FALSE
	EndGlobalSection
EndGlobal
